
Microsoft Visual Studio Solution File, Format Version 12.00
# Visual Studio Version 17
VisualStudioVersion = 17.8.34525.116
MinimumVisualStudioVersion = 10.0.40219.1
Project("{FAE04EC0-301F-11D3-BF4B-00C04F79EFBC}") = "diamante", "diamante.csproj", "{8B944E7D-EBA7-4129-92F9-5EF80CB959CA}"
EndProject
Global
	GlobalSection(SolutionConfigurationPlatforms) = preSolution
		Debug|Any CPU = Debug|Any CPU
		Release|Any CPU = Release|Any CPU
	EndGlobalSection
	GlobalSection(ProjectConfigurationPlatforms) = postSolution
		{8B944E7D-EBA7-4129-92F9-5EF80CB959CA}.Debug|Any CPU.ActiveCfg = Debug|Any CPU
		{8B944E7D-EBA7-4129-92F9-5EF80CB959CA}.Debug|Any CPU.Build.0 = Debug|Any CPU
		{8B944E7D-EBA7-4129-92F9-5EF80CB959CA}.Release|Any CPU.ActiveCfg = Release|Any CPU
		{8B944E7D-EBA7-4129-92F9-5EF80CB959CA}.Release|Any CPU.Build.0 = Release|Any CPU
	EndGlobalSection
	GlobalSection(SolutionProperties) = preSolution
		HideSolutionNode = FALSE
	EndGlobalSection
	GlobalSection(ExtensibilityGlobals) = postSolution
		SolutionGuid = {E33C8E64-D970-4D5D-8EAE-CCA31A4651B3}
	EndGlobalSection
EndGlobal
